
Microsoft Visual Studio Solution File, Format Version 12.00
# Visual Studio 15
VisualStudioVersion = 15.0.28010.2046
MinimumVisualStudioVersion = 10.0.40219.1
Project("{FAE04EC0-301F-11D3-BF4B-00C04F79EFBC}") = "Ampel", "Ampel\Ampel.csproj", "{B51387D5-9C7E-4918-9413-9543F271AD8C}"
EndProject
Global
	GlobalSection(SolutionConfigurationPlatforms) = preSolution
		Debug|Any CPU = Debug|Any CPU
		Release|Any CPU = Release|Any CPU
	EndGlobalSection
	GlobalSection(ProjectConfigurationPlatforms) = postSolution
		{B51387D5-9C7E-4918-9413-9543F271AD8C}.Debug|Any CPU.ActiveCfg = Debug|Any CPU
		{B51387D5-9C7E-4918-9413-9543F271AD8C}.Debug|Any CPU.Build.0 = Debug|Any CPU
		{B51387D5-9C7E-4918-9413-9543F271AD8C}.Release|Any CPU.ActiveCfg = Release|Any CPU
		{B51387D5-9C7E-4918-9413-9543F271AD8C}.Release|Any CPU.Build.0 = Release|Any CPU
	EndGlobalSection
	GlobalSection(SolutionProperties) = preSolution
		HideSolutionNode = FALSE
	EndGlobalSection
	GlobalSection(ExtensibilityGlobals) = postSolution
		SolutionGuid = {4956C3FE-E9C8-4DFD-8DAC-75366AD4CD69}
	EndGlobalSection
EndGlobal
